
Microsoft Visual Studio Solution File, Format Version 12.00
# Visual Studio Version 17
VisualStudioVersion = 17.0.32014.148
MinimumVisualStudioVersion = 10.0.40219.1
Project("{9A19103F-16F7-4668-BE54-9A1E7A4F7556}") = "CRM-BACKEND.API", "CRM-BACKEND.API\CRM-BACKEND.API.csproj", "{1A1683B8-810E-43DF-8E3D-CC133F43456B}"
EndProject
Project("{9A19103F-16F7-4668-BE54-9A1E7A4F7556}") = "Entities", "Entities\Entities.csproj", "{AEE4CD26-E590-4BD5-8E71-112187E4E58B}"
EndProject
Project("{9A19103F-16F7-4668-BE54-9A1E7A4F7556}") = "Repository", "Repository\Repository.csproj", "{2E2ED659-D153-4019-9463-2FF51DBC92E5}"
EndProject
Project("{9A19103F-16F7-4668-BE54-9A1E7A4F7556}") = "Exceptions", "Exceptions\Exceptions.csproj", "{2513109D-4391-4780-9E36-7DCC07BFDB1D}"
EndProject
Project("{FAE04EC0-301F-11D3-BF4B-00C04F79EFBC}") = "LoggerService", "LoggerService\LoggerService.csproj", "{94336FB4-8ABA-4A88-A56A-EB50736A0080}"
EndProject
Global
	GlobalSection(SolutionConfigurationPlatforms) = preSolution
		Debug|Any CPU = Debug|Any CPU
		Release|Any CPU = Release|Any CPU
	EndGlobalSection
	GlobalSection(ProjectConfigurationPlatforms) = postSolution
		{1A1683B8-810E-43DF-8E3D-CC133F43456B}.Debug|Any CPU.ActiveCfg = Debug|Any CPU
		{1A1683B8-810E-43DF-8E3D-CC133F43456B}.Debug|Any CPU.Build.0 = Debug|Any CPU
		{1A1683B8-810E-43DF-8E3D-CC133F43456B}.Release|Any CPU.ActiveCfg = Release|Any CPU
		{1A1683B8-810E-43DF-8E3D-CC133F43456B}.Release|Any CPU.Build.0 = Release|Any CPU
		{AEE4CD26-E590-4BD5-8E71-112187E4E58B}.Debug|Any CPU.ActiveCfg = Debug|Any CPU
		{AEE4CD26-E590-4BD5-8E71-112187E4E58B}.Debug|Any CPU.Build.0 = Debug|Any CPU
		{AEE4CD26-E590-4BD5-8E71-112187E4E58B}.Release|Any CPU.ActiveCfg = Release|Any CPU
		{AEE4CD26-E590-4BD5-8E71-112187E4E58B}.Release|Any CPU.Build.0 = Release|Any CPU
		{2E2ED659-D153-4019-9463-2FF51DBC92E5}.Debug|Any CPU.ActiveCfg = Debug|Any CPU
		{2E2ED659-D153-4019-9463-2FF51DBC92E5}.Debug|Any CPU.Build.0 = Debug|Any CPU
		{2E2ED659-D153-4019-9463-2FF51DBC92E5}.Release|Any CPU.ActiveCfg = Release|Any CPU
		{2E2ED659-D153-4019-9463-2FF51DBC92E5}.Release|Any CPU.Build.0 = Release|Any CPU
		{2513109D-4391-4780-9E36-7DCC07BFDB1D}.Debug|Any CPU.ActiveCfg = Debug|Any CPU
		{2513109D-4391-4780-9E36-7DCC07BFDB1D}.Debug|Any CPU.Build.0 = Debug|Any CPU
		{2513109D-4391-4780-9E36-7DCC07BFDB1D}.Release|Any CPU.ActiveCfg = Release|Any CPU
		{2513109D-4391-4780-9E36-7DCC07BFDB1D}.Release|Any CPU.Build.0 = Release|Any CPU
		{94336FB4-8ABA-4A88-A56A-EB50736A0080}.Debug|Any CPU.ActiveCfg = Debug|Any CPU
		{94336FB4-8ABA-4A88-A56A-EB50736A0080}.Debug|Any CPU.Build.0 = Debug|Any CPU
		{94336FB4-8ABA-4A88-A56A-EB50736A0080}.Release|Any CPU.ActiveCfg = Release|Any CPU
		{94336FB4-8ABA-4A88-A56A-EB50736A0080}.Release|Any CPU.Build.0 = Release|Any CPU
	EndGlobalSection
	GlobalSection(SolutionProperties) = preSolution
		HideSolutionNode = FALSE
	EndGlobalSection
	GlobalSection(ExtensibilityGlobals) = postSolution
		SolutionGuid = {F1BDC256-5AA6-4EC2-A351-724B98E0681A}
	EndGlobalSection
EndGlobal
